{
  "name": "openclaw-intelligence",
  "version": "1.0.0",
  "lockfileVersion": 3,
  "requires": true,
  "packages": {
    "": {
      "name": "openclaw-intelligence",
      "version": "1.0.0",
      "license": "MIT",
      "bin": {
        "openclaw-intelligence": "scripts/cli.js"
      }
    }
  }
}
